
Microsoft Visual Studio Solution File, Format Version 12.00
# Visual Studio Version 17
VisualStudioVersion = 17.1.32414.318
MinimumVisualStudioVersion = 10.0.40219.1
Project("{FAE04EC0-301F-11D3-BF4B-00C04F79EFBC}") = "ObservablePlayground", "ObservablePlayground\ObservablePlayground.csproj", "{34E9EEE1-24FD-4370-BAB3-1854517CF4B4}"
EndProject
Global
	GlobalSection(SolutionConfigurationPlatforms) = preSolution
		Debug|Any CPU = Debug|Any CPU
		Release|Any CPU = Release|Any CPU
	EndGlobalSection
	GlobalSection(ProjectConfigurationPlatforms) = postSolution
		{34E9EEE1-24FD-4370-BAB3-1854517CF4B4}.Debug|Any CPU.ActiveCfg = Debug|Any CPU
		{34E9EEE1-24FD-4370-BAB3-1854517CF4B4}.Debug|Any CPU.Build.0 = Debug|Any CPU
		{34E9EEE1-24FD-4370-BAB3-1854517CF4B4}.Release|Any CPU.ActiveCfg = Release|Any CPU
		{34E9EEE1-24FD-4370-BAB3-1854517CF4B4}.Release|Any CPU.Build.0 = Release|Any CPU
	EndGlobalSection
	GlobalSection(SolutionProperties) = preSolution
		HideSolutionNode = FALSE
	EndGlobalSection
	GlobalSection(ExtensibilityGlobals) = postSolution
		SolutionGuid = {9AB7DEB8-D38E-434E-848A-203990B88063}
	EndGlobalSection
EndGlobal
